
Microsoft Visual Studio Solution File, Format Version 12.00
# Visual Studio Version 16
VisualStudioVersion = 16.0.29418.71
MinimumVisualStudioVersion = 10.0.40219.1
Project("{2150E333-8FDC-42A3-9474-1A3956D46DE8}") = "01 - Presentation", "01 - Presentation", "{69D706AC-0349-4EF4-9A5E-EFC2F62D4AEF}"
EndProject
Project("{2150E333-8FDC-42A3-9474-1A3956D46DE8}") = "02 - Application", "02 - Application", "{C2F2C186-0BE6-488C-9647-8A12607263AF}"
EndProject
Project("{2150E333-8FDC-42A3-9474-1A3956D46DE8}") = "03 - Domain", "03 - Domain", "{647CD5A0-D40B-43E3-B8DD-884BFE69378E}"
EndProject
Project("{2150E333-8FDC-42A3-9474-1A3956D46DE8}") = "04 - Infraestructure", "04 - Infraestructure", "{ED3D8FCC-F926-48B3-BD6B-200B3216BC4A}"
EndProject
Project("{9A19103F-16F7-4668-BE54-9A1E7A4F7556}") = "Estoque.Domain", "src\Estoque.Domain\Estoque.Domain.csproj", "{0063BFED-BAF4-4B6E-AD9A-FD5ABFBD1DC8}"
EndProject
Project("{9A19103F-16F7-4668-BE54-9A1E7A4F7556}") = "Estoque.Infraestructure", "src\Estoque.Infraestructure\Estoque.Infraestructure.csproj", "{9A7A6809-2A80-49A0-986B-4510E7F96883}"
EndProject
Project("{9A19103F-16F7-4668-BE54-9A1E7A4F7556}") = "Estoque.Application", "src\Estoque.Application\Estoque.Application.csproj", "{E4EE6F4F-5692-4216-B29B-DBE7C4B21866}"
EndProject
Project("{2150E333-8FDC-42A3-9474-1A3956D46DE8}") = "05 - Entities", "05 - Entities", "{7733ECCB-BDE3-475B-863B-A703865EFA37}"
EndProject
Project("{9A19103F-16F7-4668-BE54-9A1E7A4F7556}") = "Estoque.Entities", "src\Estoque.Entities\Estoque.Entities.csproj", "{5437638F-9AB9-4331-A81A-40D3987636B1}"
EndProject
Project("{9A19103F-16F7-4668-BE54-9A1E7A4F7556}") = "Estoque.Infraestructure.IoC", "src\Estoque.Infraestructure.IoC\Estoque.Infraestructure.IoC.csproj", "{27B67D91-73A4-40D1-B6FD-9D30CC2D1FCA}"
EndProject
Project("{2150E333-8FDC-42A3-9474-1A3956D46DE8}") = "06 - SQL", "06 - SQL", "{98B78E8D-0014-4732-A59E-4A2C3F9542DD}"
EndProject
Project("{00D1A9C2-B5F0-4AF3-8072-F6C62B433612}") = "Estoque.SqlServer", "src\Estoque.SqlServer\Estoque.SqlServer.sqlproj", "{B7A710B1-23E8-4DCC-9BAB-DCDFAD128997}"
EndProject
Project("{FAE04EC0-301F-11D3-BF4B-00C04F79EFBC}") = "Estoque.Application.Test", "src\Estoque.Application.Test\Estoque.Application.Test.csproj", "{08FEF47E-B652-4FA4-AD79-049544AEFDA2}"
EndProject
Global
	GlobalSection(SolutionConfigurationPlatforms) = preSolution
		Debug|Any CPU = Debug|Any CPU
		Release|Any CPU = Release|Any CPU
	EndGlobalSection
	GlobalSection(ProjectConfigurationPlatforms) = postSolution
		{0063BFED-BAF4-4B6E-AD9A-FD5ABFBD1DC8}.Debug|Any CPU.ActiveCfg = Debug|Any CPU
		{0063BFED-BAF4-4B6E-AD9A-FD5ABFBD1DC8}.Debug|Any CPU.Build.0 = Debug|Any CPU
		{0063BFED-BAF4-4B6E-AD9A-FD5ABFBD1DC8}.Release|Any CPU.ActiveCfg = Release|Any CPU
		{0063BFED-BAF4-4B6E-AD9A-FD5ABFBD1DC8}.Release|Any CPU.Build.0 = Release|Any CPU
		{9A7A6809-2A80-49A0-986B-4510E7F96883}.Debug|Any CPU.ActiveCfg = Debug|Any CPU
		{9A7A6809-2A80-49A0-986B-4510E7F96883}.Debug|Any CPU.Build.0 = Debug|Any CPU
		{9A7A6809-2A80-49A0-986B-4510E7F96883}.Release|Any CPU.ActiveCfg = Release|Any CPU
		{9A7A6809-2A80-49A0-986B-4510E7F96883}.Release|Any CPU.Build.0 = Release|Any CPU
		{E4EE6F4F-5692-4216-B29B-DBE7C4B21866}.Debug|Any CPU.ActiveCfg = Debug|Any CPU
		{E4EE6F4F-5692-4216-B29B-DBE7C4B21866}.Debug|Any CPU.Build.0 = Debug|Any CPU
		{E4EE6F4F-5692-4216-B29B-DBE7C4B21866}.Release|Any CPU.ActiveCfg = Release|Any CPU
		{E4EE6F4F-5692-4216-B29B-DBE7C4B21866}.Release|Any CPU.Build.0 = Release|Any CPU
		{5437638F-9AB9-4331-A81A-40D3987636B1}.Debug|Any CPU.ActiveCfg = Debug|Any CPU
		{5437638F-9AB9-4331-A81A-40D3987636B1}.Debug|Any CPU.Build.0 = Debug|Any CPU
		{5437638F-9AB9-4331-A81A-40D3987636B1}.Release|Any CPU.ActiveCfg = Release|Any CPU
		{5437638F-9AB9-4331-A81A-40D3987636B1}.Release|Any CPU.Build.0 = Release|Any CPU
		{27B67D91-73A4-40D1-B6FD-9D30CC2D1FCA}.Debug|Any CPU.ActiveCfg = Debug|Any CPU
		{27B67D91-73A4-40D1-B6FD-9D30CC2D1FCA}.Debug|Any CPU.Build.0 = Debug|Any CPU
		{27B67D91-73A4-40D1-B6FD-9D30CC2D1FCA}.Release|Any CPU.ActiveCfg = Release|Any CPU
		{27B67D91-73A4-40D1-B6FD-9D30CC2D1FCA}.Release|Any CPU.Build.0 = Release|Any CPU
		{B7A710B1-23E8-4DCC-9BAB-DCDFAD128997}.Debug|Any CPU.ActiveCfg = Debug|Any CPU
		{B7A710B1-23E8-4DCC-9BAB-DCDFAD128997}.Debug|Any CPU.Build.0 = Debug|Any CPU
		{B7A710B1-23E8-4DCC-9BAB-DCDFAD128997}.Debug|Any CPU.Deploy.0 = Debug|Any CPU
		{B7A710B1-23E8-4DCC-9BAB-DCDFAD128997}.Release|Any CPU.ActiveCfg = Release|Any CPU
		{B7A710B1-23E8-4DCC-9BAB-DCDFAD128997}.Release|Any CPU.Build.0 = Release|Any CPU
		{B7A710B1-23E8-4DCC-9BAB-DCDFAD128997}.Release|Any CPU.Deploy.0 = Release|Any CPU
		{08FEF47E-B652-4FA4-AD79-049544AEFDA2}.Debug|Any CPU.ActiveCfg = Debug|Any CPU
		{08FEF47E-B652-4FA4-AD79-049544AEFDA2}.Debug|Any CPU.Build.0 = Debug|Any CPU
		{08FEF47E-B652-4FA4-AD79-049544AEFDA2}.Release|Any CPU.ActiveCfg = Release|Any CPU
		{08FEF47E-B652-4FA4-AD79-049544AEFDA2}.Release|Any CPU.Build.0 = Release|Any CPU
	EndGlobalSection
	GlobalSection(SolutionProperties) = preSolution
		HideSolutionNode = FALSE
	EndGlobalSection
	GlobalSection(NestedProjects) = preSolution
		{0063BFED-BAF4-4B6E-AD9A-FD5ABFBD1DC8} = {647CD5A0-D40B-43E3-B8DD-884BFE69378E}
		{9A7A6809-2A80-49A0-986B-4510E7F96883} = {ED3D8FCC-F926-48B3-BD6B-200B3216BC4A}
		{E4EE6F4F-5692-4216-B29B-DBE7C4B21866} = {C2F2C186-0BE6-488C-9647-8A12607263AF}
		{5437638F-9AB9-4331-A81A-40D3987636B1} = {7733ECCB-BDE3-475B-863B-A703865EFA37}
		{27B67D91-73A4-40D1-B6FD-9D30CC2D1FCA} = {ED3D8FCC-F926-48B3-BD6B-200B3216BC4A}
		{B7A710B1-23E8-4DCC-9BAB-DCDFAD128997} = {98B78E8D-0014-4732-A59E-4A2C3F9542DD}
		{08FEF47E-B652-4FA4-AD79-049544AEFDA2} = {C2F2C186-0BE6-488C-9647-8A12607263AF}
	EndGlobalSection
	GlobalSection(ExtensibilityGlobals) = postSolution
		SolutionGuid = {1B58ACE3-813A-4F0D-B663-10CF3EB46EC2}
	EndGlobalSection
EndGlobal
